
Microsoft Visual Studio Solution File, Format Version 12.00
# Visual Studio Version 17
VisualStudioVersion = 17.11.35303.130
MinimumVisualStudioVersion = 10.0.40219.1
Project("{FAE04EC0-301F-11D3-BF4B-00C04F79EFBC}") = "ProvidersMS", "ProvidersMS\ProvidersMS.csproj", "{00993EA9-910E-43F0-A865-335852743494}"
EndProject
Global
	GlobalSection(SolutionConfigurationPlatforms) = preSolution
		Debug|Any CPU = Debug|Any CPU
		Release|Any CPU = Release|Any CPU
	EndGlobalSection
	GlobalSection(ProjectConfigurationPlatforms) = postSolution
		{00993EA9-910E-43F0-A865-335852743494}.Debug|Any CPU.ActiveCfg = Debug|Any CPU
		{00993EA9-910E-43F0-A865-335852743494}.Debug|Any CPU.Build.0 = Debug|Any CPU
		{00993EA9-910E-43F0-A865-335852743494}.Release|Any CPU.ActiveCfg = Release|Any CPU
		{00993EA9-910E-43F0-A865-335852743494}.Release|Any CPU.Build.0 = Release|Any CPU
	EndGlobalSection
	GlobalSection(SolutionProperties) = preSolution
		HideSolutionNode = FALSE
	EndGlobalSection
	GlobalSection(ExtensibilityGlobals) = postSolution
		SolutionGuid = {3B441255-01FA-4B00-ACBE-DDF7C3E78E02}
	EndGlobalSection
EndGlobal
